{
  "name": "honk.js",
  "version": "2.0.2",
  "lockfileVersion": 2,
  "requires": true,
  "packages": {
    "": {
      "version": "2.0.2",
      "license": "MIT",
      "dependencies": {
        "@dmmdjs/dutils": "^1.0.3"
      }
    },
    "node_modules/@dmmdjs/dutils": {
      "version": "1.0.3",
      "resolved": "https://registry.npmjs.org/@dmmdjs/dutils/-/dutils-1.0.3.tgz",
      "integrity": "sha512-fSsRQSp0Z6xH52bcxDEIKiHHN2NvCC1mJdRzdGb6Xf+U26V5KB7h8G8OqobK2Ru5dzXEDIH6jFKV5VVxdceHrg=="
    }
  },
  "dependencies": {
    "@dmmdjs/dutils": {
      "version": "1.0.3",
      "resolved": "https://registry.npmjs.org/@dmmdjs/dutils/-/dutils-1.0.3.tgz",
      "integrity": "sha512-fSsRQSp0Z6xH52bcxDEIKiHHN2NvCC1mJdRzdGb6Xf+U26V5KB7h8G8OqobK2Ru5dzXEDIH6jFKV5VVxdceHrg=="
    }
  }
}
