{
  "name": "honk.js",
  "version": "3.0.0",
  "lockfileVersion": 2,
  "requires": true,
  "packages": {
    "": {
      "version": "3.0.0",
      "license": "MIT",
      "dependencies": {
        "@dmmdjs/dutils": "^1.0.4"
      }
    },
    "node_modules/@dmmdjs/dutils": {
      "version": "1.0.4",
      "resolved": "https://registry.npmjs.org/@dmmdjs/dutils/-/dutils-1.0.4.tgz",
      "integrity": "sha512-CfG2lTAAtZDKD2NOx69NZJu+z1wGXJ+S59AJausBCmbGL2GJj40chk3uxLLRbSnY/XTToTcrh7tMofoAKzGMgg=="
    }
  },
  "dependencies": {
    "@dmmdjs/dutils": {
      "version": "1.0.4",
      "resolved": "https://registry.npmjs.org/@dmmdjs/dutils/-/dutils-1.0.4.tgz",
      "integrity": "sha512-CfG2lTAAtZDKD2NOx69NZJu+z1wGXJ+S59AJausBCmbGL2GJj40chk3uxLLRbSnY/XTToTcrh7tMofoAKzGMgg=="
    }
  }
}
